lockfileVersion: '9.0'

settings:
  autoInstallPeers: true
  excludeLinksFromLockfile: false

importers:

  .:
    dependencies:
      lucide:
        specifier: ^0.552.0
        version: 0.552.0

packages:

  lucide@0.552.0:
    resolution: {integrity: sha512-f9PSKLsd4TtGRnRnbqZ2IMKQ2tfCA/dwHaZHysmB3LAF8uRi2GB35iy6S/kjcdvglDrueUdpu50ZDBoB21WT2g==}

snapshots:

  lucide@0.552.0: {}
